
Microsoft Visual Studio Solution File, Format Version 12.00
# Visual Studio Version 17
VisualStudioVersion = 17.1.32407.343
MinimumVisualStudioVersion = 10.0.40219.1
Project("{8BC9CEB8-8B4A-11D0-8D11-00A0C91BC942}") = "pop", "pop\pop.vcxproj", "{54E178FC-C1EC-4C3C-8363-E8AD14309188}"
EndProject
Global
	GlobalSection(SolutionConfigurationPlatforms) = preSolution
		Debug|x64 = Debug|x64
		Debug|x86 = Debug|x86
		Release|x64 = Release|x64
		Release|x86 = Release|x86
	EndGlobalSection
	GlobalSection(ProjectConfigurationPlatforms) = postSolution
		{54E178FC-C1EC-4C3C-8363-E8AD14309188}.Debug|x64.ActiveCfg = Debug|x64
		{54E178FC-C1EC-4C3C-8363-E8AD14309188}.Debug|x64.Build.0 = Debug|x64
		{54E178FC-C1EC-4C3C-8363-E8AD14309188}.Debug|x86.ActiveCfg = Debug|Win32
		{54E178FC-C1EC-4C3C-8363-E8AD14309188}.Debug|x86.Build.0 = Debug|Win32
		{54E178FC-C1EC-4C3C-8363-E8AD14309188}.Release|x64.ActiveCfg = Release|x64
		{54E178FC-C1EC-4C3C-8363-E8AD14309188}.Release|x64.Build.0 = Release|x64
		{54E178FC-C1EC-4C3C-8363-E8AD14309188}.Release|x86.ActiveCfg = Release|Win32
		{54E178FC-C1EC-4C3C-8363-E8AD14309188}.Release|x86.Build.0 = Release|Win32
	EndGlobalSection
	GlobalSection(SolutionProperties) = preSolution
		HideSolutionNode = FALSE
	EndGlobalSection
	GlobalSection(ExtensibilityGlobals) = postSolution
		SolutionGuid = {DB783A57-B502-4678-A838-2079A1BF848E}
	EndGlobalSection
EndGlobal
